// !$*UTF8*$!
{
	archiveVersion = 1;
	classes = {
	};
	objectVersion = 50;
	objects = {

/* Begin PBXBuildFile section */
		095A505FB47ED61010111B13 /* Pods_SimpleBabyShusherTests.framework in Frameworks */ = {isa = PBXBuildFile; fileRef = 28669884269915EE02641A60 /* Pods_SimpleBabyShusherTests.framework */; };
		7F173C5A20941B32009D3D16 /* FemaleShush.mp3 in Resources */ = {isa = PBXBuildFile; fileRef = 7F173C5920941B32009D3D16 /* FemaleShush.mp3 */; };
		7F35CF442090CCBE006D721D /* MainViewController.swift in Sources */ = {isa = PBXBuildFile; fileRef = 7F35CF432090CCBE006D721D /* MainViewController.swift */; };
		7F35CF462090CDBC006D721D /* ShusherButton.swift in Sources */ = {isa = PBXBuildFile; fileRef = 7F35CF452090CDBC006D721D /* ShusherButton.swift */; };
		7F35CF482090E0B2006D721D /* Main.storyboard in Resources */ = {isa = PBXBuildFile; fileRef = 7F35CF472090E0B2006D721D /* Main.storyboard */; };
		7F35CF4A20925675006D721D /* GoogleService-Info.plist in Resources */ = {isa = PBXBuildFile; fileRef = 7F35CF4920925674006D721D /* GoogleService-Info.plist */; };
		7F69C85C209A8EA80065ABED /* MaleShush.mp3 in Resources */ = {isa = PBXBuildFile; fileRef = 7F69C85B209A8EA80065ABED /* MaleShush.mp3 */; };
		7FC3EF6120910CF200EF7CFA /* UIButtonExtension.swift in Sources */ = {isa = PBXBuildFile; fileRef = 7FC3EF6020910CF200EF7CFA /* UIButtonExtension.swift */; };
		7FC3EF63209159BA00EF7CFA /* RedSegmentedControl.swift in Sources */ = {isa = PBXBuildFile; fileRef = 7FC3EF62209159BA00EF7CFA /* RedSegmentedControl.swift */; };
		7FC3EF662091737600EF7CFA /* SoundUtlities.swift in Sources */ = {isa = PBXBuildFile; fileRef = 7FC3EF652091737600EF7CFA /* SoundUtlities.swift */; };
		7FC861382095504600601655 /* GameKit.framework in Frameworks */ = {isa = PBXBuildFile; fileRef = 7FC861372095504600601655 /* GameKit.framework */; };
		7FDFC91D20901B7C00F00F11 /* AppDelegate.swift in Sources */ = {isa = PBXBuildFile; fileRef = 7FDFC91C20901B7C00F00F11 /* AppDelegate.swift */; };
		7FDFC92420901B7E00F00F11 /* Assets.xcassets in Resources */ = {isa = PBXBuildFile; fileRef = 7FDFC92320901B7E00F00F11 /* Assets.xcassets */; };
		7FDFC92720901B7E00F00F11 /* LaunchScreen.storyboard in Resources */ = {isa = PBXBuildFile; fileRef = 7FDFC92520901B7E00F00F11 /* LaunchScreen.storyboard */; };
		7FDFC93220901B7E00F00F11 /* SimpleBabyShusherTests.swift in Sources */ = {isa = PBXBuildFile; fileRef = 7FDFC93120901B7E00F00F11 /* SimpleBabyShusherTests.swift */; };
		7FDFC93D20901B7E00F00F11 /* SimpleBabyShusherUITests.swift in Sources */ = {isa = PBXBuildFile; fileRef = 7FDFC93C20901B7E00F00F11 /* SimpleBabyShusherUITests.swift */; };
		F5E611F601CDDFC1886DC9F3 /* Pods_SimpleBabyShusher.framework in Frameworks */ = {isa = PBXBuildFile; fileRef = 44FBB17A4AB67B1C076DE83C /* Pods_SimpleBabyShusher.framework */; };
		FD05293A54DB355DBB257120 /* Pods_SimpleBabyShusherUITests.framework in Frameworks */ = {isa = PBXBuildFile; fileRef = 5710C5FFA442DF65B9499085 /* Pods_SimpleBabyShusherUITests.framework */; };
/* End PBXBuildFile section */

/* Begin PBXContainerItemProxy section */
		7FDFC92E20901B7E00F00F11 /* PBXContainerItemProxy */ = {
			isa = PBXContainerItemProxy;
			containerPortal = 7FDFC91120901B7C00F00F11 /* Project object */;
			proxyType = 1;
			remoteGlobalIDString = 7FDFC91820901B7C00F00F11;
			remoteInfo = SimpleBabyShusher;
		};
		7FDFC93920901B7E00F00F11 /* PBXContainerItemProxy */ = {
			isa = PBXContainerItemProxy;
			containerPortal = 7FDFC91120901B7C00F00F11 /* Project object */;
			proxyType = 1;
			remoteGlobalIDString = 7FDFC91820901B7C00F00F11;
			remoteInfo = SimpleBabyShusher;
		};
/* End PBXContainerItemProxy section */

/* Begin PBXFileReference section */
		035396D3EFD13EBF2F7CF238 /* Pods-SimpleBabyShusher.debug.xcconfig */ = {isa = PBXFileReference; includeInIndex = 1; lastKnownFileType = text.xcconfig; name = "Pods-SimpleBabyShusher.debug.xcconfig"; path = "Pods/Target Support Files/Pods-SimpleBabyShusher/Pods-SimpleBabyShusher.debug.xcconfig"; sourceTree = "<group>"; };
		07D9D29D37119C6BB6EFE896 /* Pods-SimpleBabyShusherTests.debug.xcconfig */ = {isa = PBXFileReference; includeInIndex = 1; lastKnownFileType = text.xcconfig; name = "Pods-SimpleBabyShusherTests.debug.xcconfig"; path = "Pods/Target Support Files/Pods-SimpleBabyShusherTests/Pods-SimpleBabyShusherTests.debug.xcconfig"; sourceTree = "<group>"; };
		28669884269915EE02641A60 /* Pods_SimpleBabyShusherTests.framework */ = {isa = PBXFileReference; explicitFileType = wrapper.framework; includeInIndex = 0; path = Pods_SimpleBabyShusherTests.framework; sourceTree = BUILT_PRODUCTS_DIR; };
		44FBB17A4AB67B1C076DE83C /* Pods_SimpleBabyShusher.framework */ = {isa = PBXFileReference; explicitFileType = wrapper.framework; includeInIndex = 0; path = Pods_SimpleBabyShusher.framework; sourceTree = BUILT_PRODUCTS_DIR; };
		5710C5FFA442DF65B9499085 /* Pods_SimpleBabyShusherUITests.framework */ = {isa = PBXFileReference; explicitFileType = wrapper.framework; includeInIndex = 0; path = Pods_SimpleBabyShusherUITests.framework; sourceTree = BUILT_PRODUCTS_DIR; };
		771A00EA28541EB8F5C28DCB /* Pods-SimpleBabyShusherUITests.debug.xcconfig */ = {isa = PBXFileReference; includeInIndex = 1; lastKnownFileType = text.xcconfig; name = "Pods-SimpleBabyShusherUITests.debug.xcconfig"; path = "Pods/Target Support Files/Pods-SimpleBabyShusherUITests/Pods-SimpleBabyShusherUITests.debug.xcconfig"; sourceTree = "<group>"; };
		7944DEC4DA34D5EF3A61A6C2 /* Pods-SimpleBabyShusherTests.release.xcconfig */ = {isa = PBXFileReference; includeInIndex = 1; lastKnownFileType = text.xcconfig; name = "Pods-SimpleBabyShusherTests.release.xcconfig"; path = "Pods/Target Support Files/Pods-SimpleBabyShusherTests/Pods-SimpleBabyShusherTests.release.xcconfig"; sourceTree = "<group>"; };
		7F173C5920941B32009D3D16 /* FemaleShush.mp3 */ = {isa = PBXFileReference; lastKnownFileType = audio.mp3; path = FemaleShush.mp3; sourceTree = "<group>"; };
		7F35CF432090CCBE006D721D /* MainViewController.swift */ = {isa = PBXFileReference; lastKnownFileType = sourcecode.swift; path = MainViewController.swift; sourceTree = "<group>"; };
		7F35CF452090CDBC006D721D /* ShusherButton.swift */ = {isa = PBXFileReference; lastKnownFileType = sourcecode.swift; path = ShusherButton.swift; sourceTree = "<group>"; };
		7F35CF472090E0B2006D721D /* Main.storyboard */ = {isa = PBXFileReference; lastKnownFileType = file.storyboard; path = Main.storyboard; sourceTree = "<group>"; };
		7F35CF4920925674006D721D /* GoogleService-Info.plist */ = {isa = PBXFileReference; fileEncoding = 4; lastKnownFileType = text.plist.xml; path = "GoogleService-Info.plist"; sourceTree = "<group>"; };
		7F69C85B209A8EA80065ABED /* MaleShush.mp3 */ = {isa = PBXFileReference; lastKnownFileType = audio.mp3; path = MaleShush.mp3; sourceTree = "<group>"; };
		7FC3EF6020910CF200EF7CFA /* UIButtonExtension.swift */ = {isa = PBXFileReference; lastKnownFileType = sourcecode.swift; path = UIButtonExtension.swift; sourceTree = "<group>"; };
		7FC3EF62209159BA00EF7CFA /* RedSegmentedControl.swift */ = {isa = PBXFileReference; lastKnownFileType = sourcecode.swift; path = RedSegmentedControl.swift; sourceTree = "<group>"; };
		7FC3EF652091737600EF7CFA /* SoundUtlities.swift */ = {isa = PBXFileReference; lastKnownFileType = sourcecode.swift; path = SoundUtlities.swift; sourceTree = "<group>"; };
		7FC861372095504600601655 /* GameKit.framework */ = {isa = PBXFileReference; lastKnownFileType = wrapper.framework; name = GameKit.framework; path = System/Library/Frameworks/GameKit.framework; sourceTree = SDKROOT; };
		7FDFC91920901B7C00F00F11 /* SimpleBabyShusher.app */ = {isa = PBXFileReference; explicitFileType = wrapper.application; includeInIndex = 0; path = SimpleBabyShusher.app; sourceTree = BUILT_PRODUCTS_DIR; };
		7FDFC91C20901B7C00F00F11 /* AppDelegate.swift */ = {isa = PBXFileReference; lastKnownFileType = sourcecode.swift; path = AppDelegate.swift; sourceTree = "<group>"; };
		7FDFC92320901B7E00F00F11 /* Assets.xcassets */ = {isa = PBXFileReference; lastKnownFileType = folder.assetcatalog; path = Assets.xcassets; sourceTree = "<group>"; };
		7FDFC92620901B7E00F00F11 /* Base */ = {isa = PBXFileReference; lastKnownFileType = file.storyboard; name = Base; path = Base.lproj/LaunchScreen.storyboard; sourceTree = "<group>"; };
		7FDFC92820901B7E00F00F11 /* Info.plist */ = {isa = PBXFileReference; lastKnownFileType = text.plist.xml; path = Info.plist; sourceTree = "<group>"; };
		7FDFC92D20901B7E00F00F11 /* SimpleBabyShusherTests.xctest */ = {isa = PBXFileReference; explicitFileType = wrapper.cfbundle; includeInIndex = 0; path = SimpleBabyShusherTests.xctest; sourceTree = BUILT_PRODUCTS_DIR; };
		7FDFC93120901B7E00F00F11 /* SimpleBabyShusherTests.swift */ = {isa = PBXFileReference; lastKnownFileType = sourcecode.swift; path = SimpleBabyShusherTests.swift; sourceTree = "<group>"; };
		7FDFC93320901B7E00F00F11 /* Info.plist */ = {isa = PBXFileReference; lastKnownFileType = text.plist.xml; path = Info.plist; sourceTree = "<group>"; };
		7FDFC93820901B7E00F00F11 /* SimpleBabyShusherUITests.xctest */ = {isa = PBXFileReference; explicitFileType = wrapper.cfbundle; includeInIndex = 0; path = SimpleBabyShusherUITests.xctest; sourceTree = BUILT_PRODUCTS_DIR; };
		7FDFC93C20901B7E00F00F11 /* SimpleBabyShusherUITests.swift */ = {isa = PBXFileReference; lastKnownFileType = sourcecode.swift; path = SimpleBabyShusherUITests.swift; sourceTree = "<group>"; };
		7FDFC93E20901B7E00F00F11 /* Info.plist */ = {isa = PBXFileReference; lastKnownFileType = text.plist.xml; path = Info.plist; sourceTree = "<group>"; };
		E71E5A0B9EAC477CC5C90503 /* Pods-SimpleBabyShusher.release.xcconfig */ = {isa = PBXFileReference; includeInIndex = 1; lastKnownFileType = text.xcconfig; name = "Pods-SimpleBabyShusher.release.xcconfig"; path = "Pods/Target Support Files/Pods-SimpleBabyShusher/Pods-SimpleBabyShusher.release.xcconfig"; sourceTree = "<group>"; };
		F751FFF8A7FF2178B70DA41A /* Pods-SimpleBabyShusherUITests.release.xcconfig */ = {isa = PBXFileReference; includeInIndex = 1; lastKnownFileType = text.xcconfig; name = "Pods-SimpleBabyShusherUITests.release.xcconfig"; path = "Pods/Target Support Files/Pods-SimpleBabyShusherUITests/Pods-SimpleBabyShusherUITests.release.xcconfig"; sourceTree = "<group>"; };
/* End PBXFileReference section */

/* Begin PBXFrameworksBuildPhase section */
		7FDFC91620901B7C00F00F11 /* Frameworks */ = {
			isa = PBXFrameworksBuildPhase;
			buildActionMask = 2147483647;
			files = (
				F5E611F601CDDFC1886DC9F3 /* Pods_SimpleBabyShusher.framework in Frameworks */,
				7FC861382095504600601655 /* GameKit.framework in Frameworks */,
			);
			runOnlyForDeploymentPostprocessing = 0;
		};
		7FDFC92A20901B7E00F00F11 /* Frameworks */ = {
			isa = PBXFrameworksBuildPhase;
			buildActionMask = 2147483647;
			files = (
				095A505FB47ED61010111B13 /* Pods_SimpleBabyShusherTests.framework in Frameworks */,
			);
			runOnlyForDeploymentPostprocessing = 0;
		};
		7FDFC93520901B7E00F00F11 /* Frameworks */ = {
			isa = PBXFrameworksBuildPhase;
			buildActionMask = 2147483647;
			files = (
				FD05293A54DB355DBB257120 /* Pods_SimpleBabyShusherUITests.framework in Frameworks */,
			);
			runOnlyForDeploymentPostprocessing = 0;
		};
/* End PBXFrameworksBuildPhase section */

/* Begin PBXGroup section */
		783D900324CAA9FC3B66C17C /* Pods */ = {
			isa = PBXGroup;
			children = (
				035396D3EFD13EBF2F7CF238 /* Pods-SimpleBabyShusher.debug.xcconfig */,
				E71E5A0B9EAC477CC5C90503 /* Pods-SimpleBabyShusher.release.xcconfig */,
				07D9D29D37119C6BB6EFE896 /* Pods-SimpleBabyShusherTests.debug.xcconfig */,
				7944DEC4DA34D5EF3A61A6C2 /* Pods-SimpleBabyShusherTests.release.xcconfig */,
				771A00EA28541EB8F5C28DCB /* Pods-SimpleBabyShusherUITests.debug.xcconfig */,
				F751FFF8A7FF2178B70DA41A /* Pods-SimpleBabyShusherUITests.release.xcconfig */,
			);
			name = Pods;
			sourceTree = "<group>";
		};
		7F35CF3F2090CC4F006D721D /* Sounds */ = {
			isa = PBXGroup;
			children = (
				7F69C85B209A8EA80065ABED /* MaleShush.mp3 */,
				7F173C5920941B32009D3D16 /* FemaleShush.mp3 */,
			);
			path = Sounds;
			sourceTree = "<group>";
		};
		7F35CF402090CC56006D721D /* Model */ = {
			isa = PBXGroup;
			children = (
			);
			path = Model;
			sourceTree = "<group>";
		};
		7F35CF412090CC5C006D721D /* View */ = {
			isa = PBXGroup;
			children = (
			);
			path = View;
			sourceTree = "<group>";
		};
		7F35CF422090CC64006D721D /* Controller */ = {
			isa = PBXGroup;
			children = (
				7F35CF432090CCBE006D721D /* MainViewController.swift */,
			);
			path = Controller;
			sourceTree = "<group>";
		};
		7FC3EF5F20910CE100EF7CFA /* Extensions */ = {
			isa = PBXGroup;
			children = (
				7FC3EF6020910CF200EF7CFA /* UIButtonExtension.swift */,
			);
			path = Extensions;
			sourceTree = "<group>";
		};
		7FC3EF642091733200EF7CFA /* Utilities */ = {
			isa = PBXGroup;
			children = (
				7FC3EF652091737600EF7CFA /* SoundUtlities.swift */,
			);
			path = Utilities;
			sourceTree = "<group>";
		};
		7FDFC91020901B7C00F00F11 = {
			isa = PBXGroup;
			children = (
				7FDFC91B20901B7C00F00F11 /* SimpleBabyShusher */,
				7FDFC93020901B7E00F00F11 /* SimpleBabyShusherTests */,
				7FDFC93B20901B7E00F00F11 /* SimpleBabyShusherUITests */,
				7FDFC91A20901B7C00F00F11 /* Products */,
				783D900324CAA9FC3B66C17C /* Pods */,
				BD70951B3BD166F051325235 /* Frameworks */,
			);
			sourceTree = "<group>";
		};
		7FDFC91A20901B7C00F00F11 /* Products */ = {
			isa = PBXGroup;
			children = (
				7FDFC91920901B7C00F00F11 /* SimpleBabyShusher.app */,
				7FDFC92D20901B7E00F00F11 /* SimpleBabyShusherTests.xctest */,
				7FDFC93820901B7E00F00F11 /* SimpleBabyShusherUITests.xctest */,
			);
			name = Products;
			sourceTree = "<group>";
		};
		7FDFC91B20901B7C00F00F11 /* SimpleBabyShusher */ = {
			isa = PBXGroup;
			children = (
				7F35CF402090CC56006D721D /* Model */,
				7F35CF412090CC5C006D721D /* View */,
				7F35CF452090CDBC006D721D /* ShusherButton.swift */,
				7FC3EF62209159BA00EF7CFA /* RedSegmentedControl.swift */,
				7F35CF422090CC64006D721D /* Controller */,
				7FC3EF642091733200EF7CFA /* Utilities */,
				7FC3EF5F20910CE100EF7CFA /* Extensions */,
				7F35CF3F2090CC4F006D721D /* Sounds */,
				7FDFC91C20901B7C00F00F11 /* AppDelegate.swift */,
				7FDFC92320901B7E00F00F11 /* Assets.xcassets */,
				7FDFC92520901B7E00F00F11 /* LaunchScreen.storyboard */,
				7F35CF472090E0B2006D721D /* Main.storyboard */,
				7FDFC92820901B7E00F00F11 /* Info.plist */,
				7F35CF4920925674006D721D /* GoogleService-Info.plist */,
			);
			path = SimpleBabyShusher;
			sourceTree = "<group>";
		};
		7FDFC93020901B7E00F00F11 /* SimpleBabyShusherTests */ = {
			isa = PBXGroup;
			children = (
				7FDFC93120901B7E00F00F11 /* SimpleBabyShusherTests.swift */,
				7FDFC93320901B7E00F00F11 /* Info.plist */,
			);
			path = SimpleBabyShusherTests;
			sourceTree = "<group>";
		};
		7FDFC93B20901B7E00F00F11 /* SimpleBabyShusherUITests */ = {
			isa = PBXGroup;
			children = (
				7FDFC93C20901B7E00F00F11 /* SimpleBabyShusherUITests.swift */,
				7FDFC93E20901B7E00F00F11 /* Info.plist */,
			);
			path = SimpleBabyShusherUITests;
			sourceTree = "<group>";
		};
		BD70951B3BD166F051325235 /* Frameworks */ = {
			isa = PBXGroup;
			children = (
				7FC861372095504600601655 /* GameKit.framework */,
				44FBB17A4AB67B1C076DE83C /* Pods_SimpleBabyShusher.framework */,
				28669884269915EE02641A60 /* Pods_SimpleBabyShusherTests.framework */,
				5710C5FFA442DF65B9499085 /* Pods_SimpleBabyShusherUITests.framework */,
			);
			name = Frameworks;
			sourceTree = "<group>";
		};
/* End PBXGroup section */

/* Begin PBXNativeTarget section */
		7FDFC91820901B7C00F00F11 /* SimpleBabyShusher */ = {
			isa = PBXNativeTarget;
			buildConfigurationList = 7FDFC94120901B7E00F00F11 /* Build configuration list for PBXNativeTarget "SimpleBabyShusher" */;
			buildPhases = (
				96E906A6157A7052EF953D14 /* [CP] Check Pods Manifest.lock */,
				7FDFC91520901B7C00F00F11 /* Sources */,
				7FDFC91620901B7C00F00F11 /* Frameworks */,
				7FDFC91720901B7C00F00F11 /* Resources */,
				D36C61F2C7F9223B34320DDE /* [CP] Embed Pods Frameworks */,
			);
			buildRules = (
			);
			dependencies = (
			);
			name = SimpleBabyShusher;
			productName = SimpleBabyShusher;
			productReference = 7FDFC91920901B7C00F00F11 /* SimpleBabyShusher.app */;
			productType = "com.apple.product-type.application";
		};
		7FDFC92C20901B7E00F00F11 /* SimpleBabyShusherTests */ = {
			isa = PBXNativeTarget;
			buildConfigurationList = 7FDFC94420901B7E00F00F11 /* Build configuration list for PBXNativeTarget "SimpleBabyShusherTests" */;
			buildPhases = (
				5D79AB91E3138CFB63E43346 /* [CP] Check Pods Manifest.lock */,
				7FDFC92920901B7E00F00F11 /* Sources */,
				7FDFC92A20901B7E00F00F11 /* Frameworks */,
				7FDFC92B20901B7E00F00F11 /* Resources */,
			);
			buildRules = (
			);
			dependencies = (
				7FDFC92F20901B7E00F00F11 /* PBXTargetDependency */,
			);
			name = SimpleBabyShusherTests;
			productName = SimpleBabyShusherTests;
			productReference = 7FDFC92D20901B7E00F00F11 /* SimpleBabyShusherTests.xctest */;
			productType = "com.apple.product-type.bundle.unit-test";
		};
		7FDFC93720901B7E00F00F11 /* SimpleBabyShusherUITests */ = {
			isa = PBXNativeTarget;
			buildConfigurationList = 7FDFC94720901B7E00F00F11 /* Build configuration list for PBXNativeTarget "SimpleBabyShusherUITests" */;
			buildPhases = (
				1873B7F9A218FC4870EC6B3B /* [CP] Check Pods Manifest.lock */,
				7FDFC93420901B7E00F00F11 /* Sources */,
				7FDFC93520901B7E00F00F11 /* Frameworks */,
				7FDFC93620901B7E00F00F11 /* Resources */,
			);
			buildRules = (
			);
			dependencies = (
				7FDFC93A20901B7E00F00F11 /* PBXTargetDependency */,
			);
			name = SimpleBabyShusherUITests;
			productName = SimpleBabyShusherUITests;
			productReference = 7FDFC93820901B7E00F00F11 /* SimpleBabyShusherUITests.xctest */;
			productType = "com.apple.product-type.bundle.ui-testing";
		};
/* End PBXNativeTarget section */

/* Begin PBXProject section */
		7FDFC91120901B7C00F00F11 /* Project object */ = {
			isa = PBXProject;
			attributes = {
				LastSwiftUpdateCheck = 0930;
				LastUpgradeCheck = 0930;
				ORGANIZATIONNAME = "Jeremy Evans";
				TargetAttributes = {
					7FDFC91820901B7C00F00F11 = {
						CreatedOnToolsVersion = 9.3;
						SystemCapabilities = {
							com.apple.BackgroundModes = {
								enabled = 1;
							};
							com.apple.GameCenter.iOS = {
								enabled = 1;
							};
						};
					};
					7FDFC92C20901B7E00F00F11 = {
						CreatedOnToolsVersion = 9.3;
						TestTargetID = 7FDFC91820901B7C00F00F11;
					};
					7FDFC93720901B7E00F00F11 = {
						CreatedOnToolsVersion = 9.3;
						TestTargetID = 7FDFC91820901B7C00F00F11;
					};
				};
			};
			buildConfigurationList = 7FDFC91420901B7C00F00F11 /* Build configuration list for PBXProject "SimpleBabyShusher" */;
			compatibilityVersion = "Xcode 9.3";
			developmentRegion = en;
			hasScannedForEncodings = 0;
			knownRegions = (
				en,
				Base,
			);
			mainGroup = 7FDFC91020901B7C00F00F11;
			productRefGroup = 7FDFC91A20901B7C00F00F11 /* Products */;
			projectDirPath = "";
			projectRoot = "";
			targets = (
				7FDFC91820901B7C00F00F11 /* SimpleBabyShusher */,
				7FDFC92C20901B7E00F00F11 /* SimpleBabyShusherTests */,
				7FDFC93720901B7E00F00F11 /* SimpleBabyShusherUITests */,
			);
		};
/* End PBXProject section */

/* Begin PBXResourcesBuildPhase section */
		7FDFC91720901B7C00F00F11 /* Resources */ = {
			isa = PBXResourcesBuildPhase;
			buildActionMask = 2147483647;
			files = (
				7F35CF482090E0B2006D721D /* Main.storyboard in Resources */,
				7F69C85C209A8EA80065ABED /* MaleShush.mp3 in Resources */,
				7F35CF4A20925675006D721D /* GoogleService-Info.plist in Resources */,
				7FDFC92720901B7E00F00F11 /* LaunchScreen.storyboard in Resources */,
				7F173C5A20941B32009D3D16 /* FemaleShush.mp3 in Resources */,
				7FDFC92420901B7E00F00F11 /* Assets.xcassets in Resources */,
			);
			runOnlyForDeploymentPostprocessing = 0;
		};
		7FDFC92B20901B7E00F00F11 /* Resources */ = {
			isa = PBXResourcesBuildPhase;
			buildActionMask = 2147483647;
			files = (
			);
			runOnlyForDeploymentPostprocessing = 0;
		};
		7FDFC93620901B7E00F00F11 /* Resources */ = {
			isa = PBXResourcesBuildPhase;
			buildActionMask = 2147483647;
			files = (
			);
			runOnlyForDeploymentPostprocessing = 0;
		};
/* End PBXResourcesBuildPhase section */

/* Begin PBXShellScriptBuildPhase section */
		1873B7F9A218FC4870EC6B3B /* [CP] Check Pods Manifest.lock */ = {
			isa = PBXShellScriptBuildPhase;
			buildActionMask = 2147483647;
			files = (
			);
			inputPaths = (
				"${PODS_PODFILE_DIR_PATH}/Podfile.lock",
				"${PODS_ROOT}/Manifest.lock",
			);
			name = "[CP] Check Pods Manifest.lock";
			outputPaths = (
				"$(DERIVED_FILE_DIR)/Pods-SimpleBabyShusherUITests-checkManifestLockResult.txt",
			);
			runOnlyForDeploymentPostprocessing = 0;
			shellPath = /bin/sh;
			shellScript = "diff \"${PODS_PODFILE_DIR_PATH}/Podfile.lock\" \"${PODS_ROOT}/Manifest.lock\" > /dev/null\nif [ $? != 0 ] ; then\n    # print error to STDERR\n    echo \"error: The sandbox is not in sync with the Podfile.lock. Run 'pod install' or update your CocoaPods installation.\" >&2\n    exit 1\nfi\n# This output is used by Xcode 'outputs' to avoid re-running this script phase.\necho \"SUCCESS\" > \"${SCRIPT_OUTPUT_FILE_0}\"\n";
			showEnvVarsInLog = 0;
		};
		5D79AB91E3138CFB63E43346 /* [CP] Check Pods Manifest.lock */ = {
			isa = PBXShellScriptBuildPhase;
			buildActionMask = 2147483647;
			files = (
			);
			inputPaths = (
				"${PODS_PODFILE_DIR_PATH}/Podfile.lock",
				"${PODS_ROOT}/Manifest.lock",
			);
			name = "[CP] Check Pods Manifest.lock";
			outputPaths = (
				"$(DERIVED_FILE_DIR)/Pods-SimpleBabyShusherTests-checkManifestLockResult.txt",
			);
			runOnlyForDeploymentPostprocessing = 0;
			shellPath = /bin/sh;
			shellScript = "diff \"${PODS_PODFILE_DIR_PATH}/Podfile.lock\" \"${PODS_ROOT}/Manifest.lock\" > /dev/null\nif [ $? != 0 ] ; then\n    # print error to STDERR\n    echo \"error: The sandbox is not in sync with the Podfile.lock. Run 'pod install' or update your CocoaPods installation.\" >&2\n    exit 1\nfi\n# This output is used by Xcode 'outputs' to avoid re-running this script phase.\necho \"SUCCESS\" > \"${SCRIPT_OUTPUT_FILE_0}\"\n";
			showEnvVarsInLog = 0;
		};
		96E906A6157A7052EF953D14 /* [CP] Check Pods Manifest.lock */ = {
			isa = PBXShellScriptBuildPhase;
			buildActionMask = 2147483647;
			files = (
			);
			inputPaths = (
				"${PODS_PODFILE_DIR_PATH}/Podfile.lock",
				"${PODS_ROOT}/Manifest.lock",
			);
			name = "[CP] Check Pods Manifest.lock";
			outputPaths = (
				"$(DERIVED_FILE_DIR)/Pods-SimpleBabyShusher-checkManifestLockResult.txt",
			);
			runOnlyForDeploymentPostprocessing = 0;
			shellPath = /bin/sh;
			shellScript = "diff \"${PODS_PODFILE_DIR_PATH}/Podfile.lock\" \"${PODS_ROOT}/Manifest.lock\" > /dev/null\nif [ $? != 0 ] ; then\n    # print error to STDERR\n    echo \"error: The sandbox is not in sync with the Podfile.lock. Run 'pod install' or update your CocoaPods installation.\" >&2\n    exit 1\nfi\n# This output is used by Xcode 'outputs' to avoid re-running this script phase.\necho \"SUCCESS\" > \"${SCRIPT_OUTPUT_FILE_0}\"\n";
			showEnvVarsInLog = 0;
		};
		D36C61F2C7F9223B34320DDE /* [CP] Embed Pods Frameworks */ = {
			isa = PBXShellScriptBuildPhase;
			buildActionMask = 2147483647;
			files = (
			);
			inputPaths = (
				"${SRCROOT}/Pods/Target Support Files/Pods-SimpleBabyShusher/Pods-SimpleBabyShusher-frameworks.sh",
				"${BUILT_PRODUCTS_DIR}/GoogleToolboxForMac/GoogleToolboxForMac.framework",
				"${BUILT_PRODUCTS_DIR}/nanopb/nanopb.framework",
			);
			name = "[CP] Embed Pods Frameworks";
			outputPaths = (
				"${TARGET_BUILD_DIR}/${FRAMEWORKS_FOLDER_PATH}/GoogleToolboxForMac.framework",
				"${TARGET_BUILD_DIR}/${FRAMEWORKS_FOLDER_PATH}/nanopb.framework",
			);
			runOnlyForDeploymentPostprocessing = 0;
			shellPath = /bin/sh;
			shellScript = "\"${SRCROOT}/Pods/Target Support Files/Pods-SimpleBabyShusher/Pods-SimpleBabyShusher-frameworks.sh\"\n";
			showEnvVarsInLog = 0;
		};
/* End PBXShellScriptBuildPhase section */

/* Begin PBXSourcesBuildPhase section */
		7FDFC91520901B7C00F00F11 /* Sources */ = {
			isa = PBXSourcesBuildPhase;
			buildActionMask = 2147483647;
			files = (
				7FDFC91D20901B7C00F00F11 /* AppDelegate.swift in Sources */,
				7FC3EF6120910CF200EF7CFA /* UIButtonExtension.swift in Sources */,
				7FC3EF662091737600EF7CFA /* SoundUtlities.swift in Sources */,
				7F35CF442090CCBE006D721D /* MainViewController.swift in Sources */,
				7F35CF462090CDBC006D721D /* ShusherButton.swift in Sources */,
				7FC3EF63209159BA00EF7CFA /* RedSegmentedControl.swift in Sources */,
			);
			runOnlyForDeploymentPostprocessing = 0;
		};
		7FDFC92920901B7E00F00F11 /* Sources */ = {
			isa = PBXSourcesBuildPhase;
			buildActionMask = 2147483647;
			files = (
				7FDFC93220901B7E00F00F11 /* SimpleBabyShusherTests.swift in Sources */,
			);
			runOnlyForDeploymentPostprocessing = 0;
		};
		7FDFC93420901B7E00F00F11 /* Sources */ = {
			isa = PBXSourcesBuildPhase;
			buildActionMask = 2147483647;
			files = (
				7FDFC93D20901B7E00F00F11 /* SimpleBabyShusherUITests.swift in Sources */,
			);
			runOnlyForDeploymentPostprocessing = 0;
		};
/* End PBXSourcesBuildPhase section */

/* Begin PBXTargetDependency section */
		7FDFC92F20901B7E00F00F11 /* PBXTargetDependency */ = {
			isa = PBXTargetDependency;
			target = 7FDFC91820901B7C00F00F11 /* SimpleBabyShusher */;
			targetProxy = 7FDFC92E20901B7E00F00F11 /* PBXContainerItemProxy */;
		};
		7FDFC93A20901B7E00F00F11 /* PBXTargetDependency */ = {
			isa = PBXTargetDependency;
			target = 7FDFC91820901B7C00F00F11 /* SimpleBabyShusher */;
			targetProxy = 7FDFC93920901B7E00F00F11 /* PBXContainerItemProxy */;
		};
/* End PBXTargetDependency section */

/* Begin PBXVariantGroup section */
		7FDFC92520901B7E00F00F11 /* LaunchScreen.storyboard */ = {
			isa = PBXVariantGroup;
			children = (
				7FDFC92620901B7E00F00F11 /* Base */,
			);
			name = LaunchScreen.storyboard;
			sourceTree = "<group>";
		};
/* End PBXVariantGroup section */

/* Begin XCBuildConfiguration section */
		7FDFC93F20901B7E00F00F11 /* Debug */ = {
			isa = XCBuildConfiguration;
			buildSettings = {
				ALWAYS_SEARCH_USER_PATHS = NO;
				CLANG_ANALYZER_NONNULL = YES;
				CLANG_ANALYZER_NUMBER_OBJECT_CONVERSION = YES_AGGRESSIVE;
				CLANG_CXX_LANGUAGE_STANDARD = "gnu++14";
				CLANG_CXX_LIBRARY = "libc++";
				CLANG_ENABLE_MODULES = YES;
				CLANG_ENABLE_OBJC_ARC = YES;
				CLANG_ENABLE_OBJC_WEAK = YES;
				CLANG_WARN_BLOCK_CAPTURE_AUTORELEASING = YES;
				CLANG_WARN_BOOL_CONVERSION = YES;
				CLANG_WARN_COMMA = YES;
				CLANG_WARN_CONSTANT_CONVERSION = YES;
				CLANG_WARN_DEPRECATED_OBJC_IMPLEMENTATIONS = YES;
				CLANG_WARN_DIRECT_OBJC_ISA_USAGE = YES_ERROR;
				CLANG_WARN_DOCUMENTATION_COMMENTS = YES;
				CLANG_WARN_EMPTY_BODY = YES;
				CLANG_WARN_ENUM_CONVERSION = YES;
				CLANG_WARN_INFINITE_RECURSION = YES;
				CLANG_WARN_INT_CONVERSION = YES;
				CLANG_WARN_NON_LITERAL_NULL_CONVERSION = YES;
				CLANG_WARN_OBJC_IMPLICIT_RETAIN_SELF = YES;
				CLANG_WARN_OBJC_LITERAL_CONVERSION = YES;
				CLANG_WARN_OBJC_ROOT_CLASS = YES_ERROR;
				CLANG_WARN_RANGE_LOOP_ANALYSIS = YES;
				CLANG_WARN_STRICT_PROTOTYPES = YES;
				CLANG_WARN_SUSPICIOUS_MOVE = YES;
				CLANG_WARN_UNGUARDED_AVAILABILITY = YES_AGGRESSIVE;
				CLANG_WARN_UNREACHABLE_CODE = YES;
				CLANG_WARN__DUPLICATE_METHOD_MATCH = YES;
				CODE_SIGN_IDENTITY = "iPhone Developer";
				COPY_PHASE_STRIP = NO;
				DEBUG_INFORMATION_FORMAT = dwarf;
				ENABLE_STRICT_OBJC_MSGSEND = YES;
				ENABLE_TESTABILITY = YES;
				GCC_C_LANGUAGE_STANDARD = gnu11;
				GCC_DYNAMIC_NO_PIC = NO;
				GCC_NO_COMMON_BLOCKS = YES;
				GCC_OPTIMIZATION_LEVEL = 0;
				GCC_PREPROCESSOR_DEFINITIONS = (
					"DEBUG=1",
					"$(inherited)",
				);
				GCC_WARN_64_TO_32_BIT_CONVERSION = YES;
				GCC_WARN_ABOUT_RETURN_TYPE = YES_ERROR;
				GCC_WARN_UNDECLARED_SELECTOR = YES;
				GCC_WARN_UNINITIALIZED_AUTOS = YES_AGGRESSIVE;
				GCC_WARN_UNUSED_FUNCTION = YES;
				GCC_WARN_UNUSED_VARIABLE = YES;
				IPHONEOS_DEPLOYMENT_TARGET = 11.3;
				MTL_ENABLE_DEBUG_INFO = YES;
				ONLY_ACTIVE_ARCH = YES;
				SDKROOT = iphoneos;
				SWIFT_ACTIVE_COMPILATION_CONDITIONS = DEBUG;
				SWIFT_OPTIMIZATION_LEVEL = "-Onone";
			};
			name = Debug;
		};
		7FDFC94020901B7E00F00F11 /* Release */ = {
			isa = XCBuildConfiguration;
			buildSettings = {
				ALWAYS_SEARCH_USER_PATHS = NO;
				CLANG_ANALYZER_NONNULL = YES;
				CLANG_ANALYZER_NUMBER_OBJECT_CONVERSION = YES_AGGRESSIVE;
				CLANG_CXX_LANGUAGE_STANDARD = "gnu++14";
				CLANG_CXX_LIBRARY = "libc++";
				CLANG_ENABLE_MODULES = YES;
				CLANG_ENABLE_OBJC_ARC = YES;
				CLANG_ENABLE_OBJC_WEAK = YES;
				CLANG_WARN_BLOCK_CAPTURE_AUTORELEASING = YES;
				CLANG_WARN_BOOL_CONVERSION = YES;
				CLANG_WARN_COMMA = YES;
				CLANG_WARN_CONSTANT_CONVERSION = YES;
				CLANG_WARN_DEPRECATED_OBJC_IMPLEMENTATIONS = YES;
				CLANG_WARN_DIRECT_OBJC_ISA_USAGE = YES_ERROR;
				CLANG_WARN_DOCUMENTATION_COMMENTS = YES;
				CLANG_WARN_EMPTY_BODY = YES;
				CLANG_WARN_ENUM_CONVERSION = YES;
				CLANG_WARN_INFINITE_RECURSION = YES;
				CLANG_WARN_INT_CONVERSION = YES;
				CLANG_WARN_NON_LITERAL_NULL_CONVERSION = YES;
				CLANG_WARN_OBJC_IMPLICIT_RETAIN_SELF = YES;
				CLANG_WARN_OBJC_LITERAL_CONVERSION = YES;
				CLANG_WARN_OBJC_ROOT_CLASS = YES_ERROR;
				CLANG_WARN_RANGE_LOOP_ANALYSIS = YES;
				CLANG_WARN_STRICT_PROTOTYPES = YES;
				CLANG_WARN_SUSPICIOUS_MOVE = YES;
				CLANG_WARN_UNGUARDED_AVAILABILITY = YES_AGGRESSIVE;
				CLANG_WARN_UNREACHABLE_CODE = YES;
				CLANG_WARN__DUPLICATE_METHOD_MATCH = YES;
				CODE_SIGN_IDENTITY = "iPhone Developer";
				COPY_PHASE_STRIP = NO;
				DEBUG_INFORMATION_FORMAT = "dwarf-with-dsym";
				ENABLE_NS_ASSERTIONS = NO;
				ENABLE_STRICT_OBJC_MSGSEND = YES;
				GCC_C_LANGUAGE_STANDARD = gnu11;
				GCC_NO_COMMON_BLOCKS = YES;
				GCC_WARN_64_TO_32_BIT_CONVERSION = YES;
				GCC_WARN_ABOUT_RETURN_TYPE = YES_ERROR;
				GCC_WARN_UNDECLARED_SELECTOR = YES;
				GCC_WARN_UNINITIALIZED_AUTOS = YES_AGGRESSIVE;
				GCC_WARN_UNUSED_FUNCTION = YES;
				GCC_WARN_UNUSED_VARIABLE = YES;
				IPHONEOS_DEPLOYMENT_TARGET = 11.3;
				MTL_ENABLE_DEBUG_INFO = NO;
				SDKROOT = iphoneos;
				SWIFT_COMPILATION_MODE = wholemodule;
				SWIFT_OPTIMIZATION_LEVEL = "-O";
				VALIDATE_PRODUCT = YES;
			};
			name = Release;
		};
		7FDFC94220901B7E00F00F11 /* Debug */ = {
			isa = XCBuildConfiguration;
			baseConfigurationReference = 035396D3EFD13EBF2F7CF238 /* Pods-SimpleBabyShusher.debug.xcconfig */;
			buildSettings = {
				ASSETCATALOG_COMPILER_APPICON_NAME = AppIcon;
				CODE_SIGN_STYLE = Automatic;
				DEVELOPMENT_TEAM = 9K45PADLJ2;
				INFOPLIST_FILE = SimpleBabyShusher/Info.plist;
				IPHONEOS_DEPLOYMENT_TARGET = 11.0;
				LD_RUNPATH_SEARCH_PATHS = (
					"$(inherited)",
					"@executable_path/Frameworks",
				);
				PRODUCT_BUNDLE_IDENTIFIER = com.chiefgeekstudios.SimpleBabyShusher;
				PRODUCT_NAME = "$(TARGET_NAME)";
				SWIFT_VERSION = 4.0;
				TARGETED_DEVICE_FAMILY = 1;
			};
			name = Debug;
		};
		7FDFC94320901B7E00F00F11 /* Release */ = {
			isa = XCBuildConfiguration;
			baseConfigurationReference = E71E5A0B9EAC477CC5C90503 /* Pods-SimpleBabyShusher.release.xcconfig */;
			buildSettings = {
				ASSETCATALOG_COMPILER_APPICON_NAME = AppIcon;
				CODE_SIGN_STYLE = Automatic;
				DEVELOPMENT_TEAM = 9K45PADLJ2;
				INFOPLIST_FILE = SimpleBabyShusher/Info.plist;
				IPHONEOS_DEPLOYMENT_TARGET = 11.0;
				LD_RUNPATH_SEARCH_PATHS = (
					"$(inherited)",
					"@executable_path/Frameworks",
				);
				PRODUCT_BUNDLE_IDENTIFIER = com.chiefgeekstudios.SimpleBabyShusher;
				PRODUCT_NAME = "$(TARGET_NAME)";
				SWIFT_VERSION = 4.0;
				TARGETED_DEVICE_FAMILY = 1;
			};
			name = Release;
		};
		7FDFC94520901B7E00F00F11 /* Debug */ = {
			isa = XCBuildConfiguration;
			baseConfigurationReference = 07D9D29D37119C6BB6EFE896 /* Pods-SimpleBabyShusherTests.debug.xcconfig */;
			buildSettings = {
				ALWAYS_EMBED_SWIFT_STANDARD_LIBRARIES = YES;
				BUNDLE_LOADER = "$(TEST_HOST)";
				CODE_SIGN_STYLE = Automatic;
				DEVELOPMENT_TEAM = 9K45PADLJ2;
				INFOPLIST_FILE = SimpleBabyShusherTests/Info.plist;
				LD_RUNPATH_SEARCH_PATHS = (
					"$(inherited)",
					"@executable_path/Frameworks",
					"@loader_path/Frameworks",
				);
				PRODUCT_BUNDLE_IDENTIFIER = com.chiefgeekstudios.SimpleBabyShusherTests;
				PRODUCT_NAME = "$(TARGET_NAME)";
				SWIFT_VERSION = 4.0;
				TARGETED_DEVICE_FAMILY = "1,2";
				TEST_HOST = "$(BUILT_PRODUCTS_DIR)/SimpleBabyShusher.app/SimpleBabyShusher";
			};
			name = Debug;
		};
		7FDFC94620901B7E00F00F11 /* Release */ = {
			isa = XCBuildConfiguration;
			baseConfigurationReference = 7944DEC4DA34D5EF3A61A6C2 /* Pods-SimpleBabyShusherTests.release.xcconfig */;
			buildSettings = {
				ALWAYS_EMBED_SWIFT_STANDARD_LIBRARIES = YES;
				BUNDLE_LOADER = "$(TEST_HOST)";
				CODE_SIGN_STYLE = Automatic;
				DEVELOPMENT_TEAM = 9K45PADLJ2;
				INFOPLIST_FILE = SimpleBabyShusherTests/Info.plist;
				LD_RUNPATH_SEARCH_PATHS = (
					"$(inherited)",
					"@executable_path/Frameworks",
					"@loader_path/Frameworks",
				);
				PRODUCT_BUNDLE_IDENTIFIER = com.chiefgeekstudios.SimpleBabyShusherTests;
				PRODUCT_NAME = "$(TARGET_NAME)";
				SWIFT_VERSION = 4.0;
				TARGETED_DEVICE_FAMILY = "1,2";
				TEST_HOST = "$(BUILT_PRODUCTS_DIR)/SimpleBabyShusher.app/SimpleBabyShusher";
			};
			name = Release;
		};
		7FDFC94820901B7E00F00F11 /* Debug */ = {
			isa = XCBuildConfiguration;
			baseConfigurationReference = 771A00EA28541EB8F5C28DCB /* Pods-SimpleBabyShusherUITests.debug.xcconfig */;
			buildSettings = {
				ALWAYS_EMBED_SWIFT_STANDARD_LIBRARIES = YES;
				CODE_SIGN_STYLE = Automatic;
				DEVELOPMENT_TEAM = 9K45PADLJ2;
				INFOPLIST_FILE = SimpleBabyShusherUITests/Info.plist;
				LD_RUNPATH_SEARCH_PATHS = (
					"$(inherited)",
					"@executable_path/Frameworks",
					"@loader_path/Frameworks",
				);
				PRODUCT_BUNDLE_IDENTIFIER = com.chiefgeekstudios.SimpleBabyShusherUITests;
				PRODUCT_NAME = "$(TARGET_NAME)";
				SWIFT_VERSION = 4.0;
				TARGETED_DEVICE_FAMILY = "1,2";
				TEST_TARGET_NAME = SimpleBabyShusher;
			};
			name = Debug;
		};
		7FDFC94920901B7E00F00F11 /* Release */ = {
			isa = XCBuildConfiguration;
			baseConfigurationReference = F751FFF8A7FF2178B70DA41A /* Pods-SimpleBabyShusherUITests.release.xcconfig */;
			buildSettings = {
				ALWAYS_EMBED_SWIFT_STANDARD_LIBRARIES = YES;
				CODE_SIGN_STYLE = Automatic;
				DEVELOPMENT_TEAM = 9K45PADLJ2;
				INFOPLIST_FILE = SimpleBabyShusherUITests/Info.plist;
				LD_RUNPATH_SEARCH_PATHS = (
					"$(inherited)",
					"@executable_path/Frameworks",
					"@loader_path/Frameworks",
				);
				PRODUCT_BUNDLE_IDENTIFIER = com.chiefgeekstudios.SimpleBabyShusherUITests;
				PRODUCT_NAME = "$(TARGET_NAME)";
				SWIFT_VERSION = 4.0;
				TARGETED_DEVICE_FAMILY = "1,2";
				TEST_TARGET_NAME = SimpleBabyShusher;
			};
			name = Release;
		};
/* End XCBuildConfiguration section */

/* Begin XCConfigurationList section */
		7FDFC91420901B7C00F00F11 /* Build configuration list for PBXProject "SimpleBabyShusher" */ = {
			isa = XCConfigurationList;
			buildConfigurations = (
				7FDFC93F20901B7E00F00F11 /* Debug */,
				7FDFC94020901B7E00F00F11 /* Release */,
			);
			defaultConfigurationIsVisible = 0;
			defaultConfigurationName = Release;
		};
		7FDFC94120901B7E00F00F11 /* Build configuration list for PBXNativeTarget "SimpleBabyShusher" */ = {
			isa = XCConfigurationList;
			buildConfigurations = (
				7FDFC94220901B7E00F00F11 /* Debug */,
				7FDFC94320901B7E00F00F11 /* Release */,
			);
			defaultConfigurationIsVisible = 0;
			defaultConfigurationName = Release;
		};
		7FDFC94420901B7E00F00F11 /* Build configuration list for PBXNativeTarget "SimpleBabyShusherTests" */ = {
			isa = XCConfigurationList;
			buildConfigurations = (
				7FDFC94520901B7E00F00F11 /* Debug */,
				7FDFC94620901B7E00F00F11 /* Release */,
			);
			defaultConfigurationIsVisible = 0;
			defaultConfigurationName = Release;
		};
		7FDFC94720901B7E00F00F11 /* Build configuration list for PBXNativeTarget "SimpleBabyShusherUITests" */ = {
			isa = XCConfigurationList;
			buildConfigurations = (
				7FDFC94820901B7E00F00F11 /* Debug */,
				7FDFC94920901B7E00F00F11 /* Release */,
			);
			defaultConfigurationIsVisible = 0;
			defaultConfigurationName = Release;
		};
/* End XCConfigurationList section */
	};
	rootObject = 7FDFC91120901B7C00F00F11 /* Project object */;
}
